{
  "nodes": {
    "Futaba_Puropo": {
      "flake": false,
      "locked": {
        "lastModified": 1724316034,
        "narHash": "sha256-GYbRD0bXcmNx45Bqp8yf7VD+07vhxAlduVAalHz7VfE=",
        "ref": "refs/heads/main",
        "rev": "2e5d6d59754e0f4622dc85e7a4ccaf80a666e47b",
        "revCount": 6,
        "type": "git",
        "url": "ssh://git@github.com/nnctroboticsclub/Futaba_Puropo.git"
      },
      "original": {
        "rev": "2e5d6d59754e0f4622dc85e7a4ccaf80a666e47b",
        "type": "git",
        "url": "ssh://git@github.com/nnctroboticsclub/Futaba_Puropo.git"
      }
    },
    "Futaba_Puropo_2": {
      "flake": false,
      "locked": {
        "lastModified": 1724316034,
        "narHash": "sha256-GYbRD0bXcmNx45Bqp8yf7VD+07vhxAlduVAalHz7VfE=",
        "ref": "refs/heads/main",
        "rev": "2e5d6d59754e0f4622dc85e7a4ccaf80a666e47b",
        "revCount": 6,
        "type": "git",
        "url": "ssh://git@github.com/nnctroboticsclub/Futaba_Puropo.git"
      },
      "original": {
        "rev": "2e5d6d59754e0f4622dc85e7a4ccaf80a666e47b",
        "type": "git",
        "url": "ssh://git@github.com/nnctroboticsclub/Futaba_Puropo.git"
      }
    },
    "IkakoRobomas": {
      "flake": false,
      "locked": {
        "lastModified": 1725643775,
        "narHash": "sha256-ButjWZquEL3TaMb6+v/34oKKZEn58CN7vmLd33tYsL8=",
        "ref": "refs/heads/main",
        "rev": "98336d610bb255c57565b571e47c404c0070d49d",
        "revCount": 8,
        "type": "git",
        "url": "ssh://git@github.com/nnctroboticsclub/IkakoRobomas.git"
      },
      "original": {
        "rev": "98336d610bb255c57565b571e47c404c0070d49d",
        "type": "git",
        "url": "ssh://git@github.com/nnctroboticsclub/IkakoRobomas.git"
      }
    },
    "IkakoRobomas_2": {
      "flake": false,
      "locked": {
        "lastModified": 1725643775,
        "narHash": "sha256-ButjWZquEL3TaMb6+v/34oKKZEn58CN7vmLd33tYsL8=",
        "ref": "refs/heads/main",
        "rev": "98336d610bb255c57565b571e47c404c0070d49d",
        "revCount": 8,
        "type": "git",
        "url": "ssh://git@github.com/nnctroboticsclub/IkakoRobomas.git"
      },
      "original": {
        "rev": "98336d610bb255c57565b571e47c404c0070d49d",
        "type": "git",
        "url": "ssh://git@github.com/nnctroboticsclub/IkakoRobomas.git"
      }
    },
    "MotorController": {
      "flake": false,
      "locked": {
        "lastModified": 1723616341,
        "narHash": "sha256-4N+9PPW/dYZb50uAD+wKVl55Z3f3ab5PRDXmsC2sLQI=",
        "ref": "refs/heads/main",
        "rev": "aba526174f61a2b4e126b0bfa83311e292849e0e",
        "revCount": 3,
        "type": "git",
        "url": "ssh://git@github.com/nnctroboticsclub/MotorController.git"
      },
      "original": {
        "rev": "aba526174f61a2b4e126b0bfa83311e292849e0e",
        "type": "git",
        "url": "ssh://git@github.com/nnctroboticsclub/MotorController.git"
      }
    },
    "MotorController_2": {
      "flake": false,
      "locked": {
        "lastModified": 1723616341,
        "narHash": "sha256-4N+9PPW/dYZb50uAD+wKVl55Z3f3ab5PRDXmsC2sLQI=",
        "ref": "refs/heads/main",
        "rev": "aba526174f61a2b4e126b0bfa83311e292849e0e",
        "revCount": 3,
        "type": "git",
        "url": "ssh://git@github.com/nnctroboticsclub/MotorController.git"
      },
      "original": {
        "rev": "aba526174f61a2b4e126b0bfa83311e292849e0e",
        "type": "git",
        "url": "ssh://git@github.com/nnctroboticsclub/MotorController.git"
      }
    },
    "PS4_RX": {
      "flake": false,
      "locked": {
        "lastModified": 1695547208,
        "narHash": "sha256-cUZhxSNe514pQFQKsvqv7UP606RQeOqMPwbjzu256wo=",
        "ref": "refs/heads/main",
        "rev": "0aca1751a597c3687bb994fff6c9b282ead224a0",
        "revCount": 3,
        "type": "git",
        "url": "ssh://git@github.com/nnctroboticsclub/PS4_RX.git"
      },
      "original": {
        "rev": "0aca1751a597c3687bb994fff6c9b282ead224a0",
        "type": "git",
        "url": "ssh://git@github.com/nnctroboticsclub/PS4_RX.git"
      }
    },
    "PS4_RX_2": {
      "flake": false,
      "locked": {
        "lastModified": 1695547208,
        "narHash": "sha256-cUZhxSNe514pQFQKsvqv7UP606RQeOqMPwbjzu256wo=",
        "ref": "refs/heads/main",
        "rev": "0aca1751a597c3687bb994fff6c9b282ead224a0",
        "revCount": 3,
        "type": "git",
        "url": "ssh://git@github.com/nnctroboticsclub/PS4_RX.git"
      },
      "original": {
        "rev": "0aca1751a597c3687bb994fff6c9b282ead224a0",
        "type": "git",
        "url": "ssh://git@github.com/nnctroboticsclub/PS4_RX.git"
      }
    },
    "can_servo": {
      "flake": false,
      "locked": {
        "lastModified": 1723874760,
        "narHash": "sha256-O6ZpdAZ1SFn9usqFUNFbOUK8UvRtQ0AXhH0oBic7BtU=",
        "ref": "refs/heads/master",
        "rev": "e68a8af81d92ede8c92f08270f93f54c58aa22ac",
        "revCount": 3,
        "type": "git",
        "url": "ssh://git@github.com/nnctroboticsclub/can_servo.git"
      },
      "original": {
        "rev": "e68a8af81d92ede8c92f08270f93f54c58aa22ac",
        "type": "git",
        "url": "ssh://git@github.com/nnctroboticsclub/can_servo.git"
      }
    },
    "can_servo_2": {
      "flake": false,
      "locked": {
        "lastModified": 1723874760,
        "narHash": "sha256-O6ZpdAZ1SFn9usqFUNFbOUK8UvRtQ0AXhH0oBic7BtU=",
        "ref": "refs/heads/master",
        "rev": "e68a8af81d92ede8c92f08270f93f54c58aa22ac",
        "revCount": 3,
        "type": "git",
        "url": "ssh://git@github.com/nnctroboticsclub/can_servo.git"
      },
      "original": {
        "rev": "e68a8af81d92ede8c92f08270f93f54c58aa22ac",
        "type": "git",
        "url": "ssh://git@github.com/nnctroboticsclub/can_servo.git"
      }
    },
    "f3-baremetal": {
      "inputs": {
        "nano": [
          "robopkgs",
          "nano"
        ],
        "roboenv": [
          "robopkgs",
          "roboenv"
        ]
      },
      "locked": {
        "lastModified": 1772109936,
        "narHash": "sha256-sy4pWduXBT6p9+mVkuPaWysazbtV0c3USSb0hu9dz/g=",
        "ref": "refs/heads/main",
        "rev": "1557b94a04344aaa14cefc49ba41c3150f6f0ccf",
        "revCount": 16,
        "type": "git",
        "url": "ssh://git@github.com/nnctroboticsclub/f3-baremetal.git"
      },
      "original": {
        "type": "git",
        "url": "ssh://git@github.com/nnctroboticsclub/f3-baremetal.git"
      }
    },
    "f3-baremetal_2": {
      "inputs": {
        "nano": [
          "robopkgs",
          "syoch-robotics",
          "robopkgs",
          "nano"
        ],
        "roboenv": [
          "robopkgs",
          "syoch-robotics",
          "robopkgs",
          "roboenv"
        ]
      },
      "locked": {
        "lastModified": 1772109936,
        "narHash": "sha256-sy4pWduXBT6p9+mVkuPaWysazbtV0c3USSb0hu9dz/g=",
        "ref": "refs/heads/main",
        "rev": "1557b94a04344aaa14cefc49ba41c3150f6f0ccf",
        "revCount": 16,
        "type": "git",
        "url": "ssh://git@github.com/nnctroboticsclub/f3-baremetal.git"
      },
      "original": {
        "type": "git",
        "url": "ssh://git@github.com/nnctroboticsclub/f3-baremetal.git"
      }
    },
    "flake-compat": {
      "flake": false,
      "locked": {
        "lastModified": 1767039857,
        "narHash": "sha256-vNpUSpF5Nuw8xvDLj2KCwwksIbjua2LZCqhV1LNRDns=",
        "owner": "edolstra",
        "repo": "flake-compat",
        "rev": "5edf11c44bc78a0d334f6334cdaf7d60d732daab",
        "type": "github"
      },
      "original": {
        "owner": "edolstra",
        "repo": "flake-compat",
        "type": "github"
      }
    },
    "flake-compat_2": {
      "flake": false,
      "locked": {
        "lastModified": 1767039857,
        "narHash": "sha256-vNpUSpF5Nuw8xvDLj2KCwwksIbjua2LZCqhV1LNRDns=",
        "owner": "edolstra",
        "repo": "flake-compat",
        "rev": "5edf11c44bc78a0d334f6334cdaf7d60d732daab",
        "type": "github"
      },
      "original": {
        "owner": "edolstra",
        "repo": "flake-compat",
        "type": "github"
      }
    },
    "home-manager": {
      "inputs": {
        "nixpkgs": [
          "roboenv",
          "nixpkgs"
        ]
      },
      "locked": {
        "lastModified": 1772060133,
        "narHash": "sha256-VuyRptb8v1lVGMlLp4/1vRX3Efwec0CN0S6mKmDPzLg=",
        "owner": "nix-community",
        "repo": "home-manager",
        "rev": "ce9b6e52500a0ea0ec48f0bbf6d7a3e431d9dfa4",
        "type": "github"
      },
      "original": {
        "owner": "nix-community",
        "repo": "home-manager",
        "type": "github"
      }
    },
    "home-manager_2": {
      "inputs": {
        "nixpkgs": [
          "robopkgs",
          "roboenv",
          "nixpkgs"
        ]
      },
      "locked": {
        "lastModified": 1772060133,
        "narHash": "sha256-VuyRptb8v1lVGMlLp4/1vRX3Efwec0CN0S6mKmDPzLg=",
        "owner": "nix-community",
        "repo": "home-manager",
        "rev": "ce9b6e52500a0ea0ec48f0bbf6d7a3e431d9dfa4",
        "type": "github"
      },
      "original": {
        "owner": "nix-community",
        "repo": "home-manager",
        "type": "github"
      }
    },
    "ikakoMDC": {
      "flake": false,
      "locked": {
        "lastModified": 1719827660,
        "narHash": "sha256-XEMh0c67zCBuTxdoGMwHYqPY8wl/1nmeXAbfUfe8VGI=",
        "ref": "refs/heads/main",
        "rev": "156c6f30ca7d5d96542bae1edf4bad3487494c7a",
        "revCount": 8,
        "type": "git",
        "url": "ssh://git@github.com/nnctroboticsclub/ikakoMDC.git"
      },
      "original": {
        "rev": "156c6f30ca7d5d96542bae1edf4bad3487494c7a",
        "type": "git",
        "url": "ssh://git@github.com/nnctroboticsclub/ikakoMDC.git"
      }
    },
    "ikakoMDC_2": {
      "flake": false,
      "locked": {
        "lastModified": 1719827660,
        "narHash": "sha256-XEMh0c67zCBuTxdoGMwHYqPY8wl/1nmeXAbfUfe8VGI=",
        "ref": "refs/heads/main",
        "rev": "156c6f30ca7d5d96542bae1edf4bad3487494c7a",
        "revCount": 8,
        "type": "git",
        "url": "ssh://git@github.com/nnctroboticsclub/ikakoMDC.git"
      },
      "original": {
        "rev": "156c6f30ca7d5d96542bae1edf4bad3487494c7a",
        "type": "git",
        "url": "ssh://git@github.com/nnctroboticsclub/ikakoMDC.git"
      }
    },
    "ikako_rohm_md": {
      "flake": false,
      "locked": {
        "lastModified": 1724479514,
        "narHash": "sha256-LXihbxeRDB+9Rhy6lVvwLACTyBa59hVysEgAeGLCWC8=",
        "ref": "refs/heads/main",
        "rev": "a39a09aa3014ed3c19aa81cfdbb309d3503aa98b",
        "revCount": 2,
        "type": "git",
        "url": "ssh://git@github.com/nnctroboticsclub/ikako_rohm_md.git"
      },
      "original": {
        "rev": "a39a09aa3014ed3c19aa81cfdbb309d3503aa98b",
        "type": "git",
        "url": "ssh://git@github.com/nnctroboticsclub/ikako_rohm_md.git"
      }
    },
    "ikako_rohm_md_2": {
      "flake": false,
      "locked": {
        "lastModified": 1724479514,
        "narHash": "sha256-LXihbxeRDB+9Rhy6lVvwLACTyBa59hVysEgAeGLCWC8=",
        "ref": "refs/heads/main",
        "rev": "a39a09aa3014ed3c19aa81cfdbb309d3503aa98b",
        "revCount": 2,
        "type": "git",
        "url": "ssh://git@github.com/nnctroboticsclub/ikako_rohm_md.git"
      },
      "original": {
        "rev": "a39a09aa3014ed3c19aa81cfdbb309d3503aa98b",
        "type": "git",
        "url": "ssh://git@github.com/nnctroboticsclub/ikako_rohm_md.git"
      }
    },
    "ikarashiCAN_mk2": {
      "flake": false,
      "locked": {
        "lastModified": 1752295440,
        "narHash": "sha256-cfKuJ31gqvXj7WJPlesI4kwJ3ARyCCkIes0i7c+wUms=",
        "ref": "refs/heads/main",
        "rev": "3f941b99b6cffd82d69da636d187eab3fec5ec2d",
        "revCount": 13,
        "type": "git",
        "url": "ssh://git@github.com/nnctroboticsclub/ikarashiCAN_mk2.git"
      },
      "original": {
        "rev": "3f941b99b6cffd82d69da636d187eab3fec5ec2d",
        "type": "git",
        "url": "ssh://git@github.com/nnctroboticsclub/ikarashiCAN_mk2.git"
      }
    },
    "ikarashiCAN_mk2_2": {
      "flake": false,
      "locked": {
        "lastModified": 1752295440,
        "narHash": "sha256-cfKuJ31gqvXj7WJPlesI4kwJ3ARyCCkIes0i7c+wUms=",
        "ref": "refs/heads/main",
        "rev": "3f941b99b6cffd82d69da636d187eab3fec5ec2d",
        "revCount": 13,
        "type": "git",
        "url": "ssh://git@github.com/nnctroboticsclub/ikarashiCAN_mk2.git"
      },
      "original": {
        "rev": "3f941b99b6cffd82d69da636d187eab3fec5ec2d",
        "type": "git",
        "url": "ssh://git@github.com/nnctroboticsclub/ikarashiCAN_mk2.git"
      }
    },
    "im920_rs": {
      "flake": false,
      "locked": {
        "lastModified": 1768201302,
        "narHash": "sha256-/VoERqcuZ4Jvqx+3oPeGsQbjBgW2h8pua8HGxNjV5Iw=",
        "ref": "refs/heads/main",
        "rev": "fdde2c3a0a6591a6e8f294c49e550779eca69761",
        "revCount": 34,
        "type": "git",
        "url": "ssh://git@github.com/nnctroboticsclub/im920_rs.git"
      },
      "original": {
        "rev": "fdde2c3a0a6591a6e8f294c49e550779eca69761",
        "type": "git",
        "url": "ssh://git@github.com/nnctroboticsclub/im920_rs.git"
      }
    },
    "im920_rs_2": {
      "flake": false,
      "locked": {
        "lastModified": 1768201302,
        "narHash": "sha256-/VoERqcuZ4Jvqx+3oPeGsQbjBgW2h8pua8HGxNjV5Iw=",
        "ref": "refs/heads/main",
        "rev": "fdde2c3a0a6591a6e8f294c49e550779eca69761",
        "revCount": 34,
        "type": "git",
        "url": "ssh://git@github.com/nnctroboticsclub/im920_rs.git"
      },
      "original": {
        "rev": "fdde2c3a0a6591a6e8f294c49e550779eca69761",
        "type": "git",
        "url": "ssh://git@github.com/nnctroboticsclub/im920_rs.git"
      }
    },
    "nano": {
      "inputs": {
        "nixpkgs": [
          "robopkgs",
          "nixpkgs"
        ],
        "roboenv": [
          "robopkgs",
          "roboenv"
        ]
      },
      "locked": {
        "lastModified": 1772109868,
        "narHash": "sha256-sFqFx0oNUkLWKTBMqSaylf61WqB+vFR6stFDfaZP46s=",
        "owner": "nnctroboticsclub",
        "repo": "Nano",
        "rev": "1c8a1bdae257a5a3374d628522c7d2afbe6d43b3",
        "type": "github"
      },
      "original": {
        "owner": "nnctroboticsclub",
        "repo": "Nano",
        "type": "github"
      }
    },
    "nano_2": {
      "inputs": {
        "nixpkgs": [
          "robopkgs",
          "syoch-robotics",
          "robopkgs",
          "nixpkgs"
        ],
        "roboenv": [
          "robopkgs",
          "syoch-robotics",
          "robopkgs",
          "roboenv"
        ]
      },
      "locked": {
        "lastModified": 1772109868,
        "narHash": "sha256-sFqFx0oNUkLWKTBMqSaylf61WqB+vFR6stFDfaZP46s=",
        "owner": "nnctroboticsclub",
        "repo": "Nano",
        "rev": "1c8a1bdae257a5a3374d628522c7d2afbe6d43b3",
        "type": "github"
      },
      "original": {
        "owner": "nnctroboticsclub",
        "repo": "Nano",
        "type": "github"
      }
    },
    "nixos-wsl": {
      "inputs": {
        "flake-compat": "flake-compat",
        "nixpkgs": "nixpkgs_2"
      },
      "locked": {
        "lastModified": 1771563879,
        "narHash": "sha256-vA5hocvdGhr+jfBN7A7ogeZqIz2qx01EixXwdVsQcnE=",
        "owner": "nix-community",
        "repo": "NixOS-WSL",
        "rev": "379d20c55f552e91fb9f3f0382e4a97d3f452943",
        "type": "github"
      },
      "original": {
        "owner": "nix-community",
        "ref": "main",
        "repo": "NixOS-WSL",
        "type": "github"
      }
    },
    "nixos-wsl_2": {
      "inputs": {
        "flake-compat": "flake-compat_2",
        "nixpkgs": "nixpkgs_5"
      },
      "locked": {
        "lastModified": 1771563879,
        "narHash": "sha256-vA5hocvdGhr+jfBN7A7ogeZqIz2qx01EixXwdVsQcnE=",
        "owner": "nix-community",
        "repo": "NixOS-WSL",
        "rev": "379d20c55f552e91fb9f3f0382e4a97d3f452943",
        "type": "github"
      },
      "original": {
        "owner": "nix-community",
        "ref": "main",
        "repo": "NixOS-WSL",
        "type": "github"
      }
    },
    "nixpkgs": {
      "locked": {
        "lastModified": 1764521362,
        "narHash": "sha256-M101xMtWdF1eSD0xhiR8nG8CXRlHmv6V+VoY65Smwf4=",
        "owner": "nixos",
        "repo": "nixpkgs",
        "rev": "871b9fd269ff6246794583ce4ee1031e1da71895",
        "type": "github"
      },
      "original": {
        "owner": "nixos",
        "ref": "25.11",
        "repo": "nixpkgs",
        "type": "github"
      }
    },
    "nixpkgs_2": {
      "locked": {
        "lastModified": 1770019141,
        "narHash": "sha256-VKS4ZLNx4PNrABoB0L8KUpc1fE7CLpQXQs985tGfaCU=",
        "owner": "NixOS",
        "repo": "nixpkgs",
        "rev": "cb369ef2efd432b3cdf8622b0ffc0a97a02f3137",
        "type": "github"
      },
      "original": {
        "owner": "NixOS",
        "ref": "nixos-unstable",
        "repo": "nixpkgs",
        "type": "github"
      }
    },
    "nixpkgs_3": {
      "locked": {
        "lastModified": 1772077396,
        "narHash": "sha256-ZJmBFlj5iRbMJim6RXCb9vdqpzLte5qmkBpI0h80hcs=",
        "owner": "nixos",
        "repo": "nixpkgs",
        "rev": "62d6ba015932d293e7f828a746d260fbdf99dbb0",
        "type": "github"
      },
      "original": {
        "owner": "nixos",
        "ref": "release-25.11",
        "repo": "nixpkgs",
        "type": "github"
      }
    },
    "nixpkgs_4": {
      "locked": {
        "lastModified": 1772077396,
        "narHash": "sha256-ZJmBFlj5iRbMJim6RXCb9vdqpzLte5qmkBpI0h80hcs=",
        "owner": "nixos",
        "repo": "nixpkgs",
        "rev": "62d6ba015932d293e7f828a746d260fbdf99dbb0",
        "type": "github"
      },
      "original": {
        "owner": "nixos",
        "ref": "release-25.11",
        "repo": "nixpkgs",
        "type": "github"
      }
    },
    "nixpkgs_5": {
      "locked": {
        "lastModified": 1770019141,
        "narHash": "sha256-VKS4ZLNx4PNrABoB0L8KUpc1fE7CLpQXQs985tGfaCU=",
        "owner": "NixOS",
        "repo": "nixpkgs",
        "rev": "cb369ef2efd432b3cdf8622b0ffc0a97a02f3137",
        "type": "github"
      },
      "original": {
        "owner": "NixOS",
        "ref": "nixos-unstable",
        "repo": "nixpkgs",
        "type": "github"
      }
    },
    "roboenv": {
      "inputs": {
        "home-manager": "home-manager",
        "nixos-wsl": "nixos-wsl",
        "nixpkgs": "nixpkgs_3",
        "rust-overlay": "rust-overlay"
      },
      "locked": {
        "lastModified": 1772321277,
        "narHash": "sha256-fcvOqos3TIziAHRnqNhHaOEphdbZ20AhR+n2joy89l8=",
        "owner": "nnctroboticsclub",
        "repo": "roboenv-nix",
        "rev": "aac90723750980047ae2d87582c936bc06eda5a4",
        "type": "github"
      },
      "original": {
        "owner": "nnctroboticsclub",
        "repo": "roboenv-nix",
        "type": "github"
      }
    },
    "roboenv_2": {
      "inputs": {
        "home-manager": "home-manager_2",
        "nixos-wsl": "nixos-wsl_2",
        "nixpkgs": [
          "robopkgs",
          "nixpkgs"
        ],
        "rust-overlay": "rust-overlay_2"
      },
      "locked": {
        "lastModified": 1772109248,
        "narHash": "sha256-B3uVghkiBQDYKCa8tbq4wF53REHGQ1pcexxGArB1eXM=",
        "owner": "nnctroboticsclub",
        "repo": "roboenv-nix",
        "rev": "e05400487b202120b24a425a7290ebdd9947b570",
        "type": "github"
      },
      "original": {
        "owner": "nnctroboticsclub",
        "repo": "roboenv-nix",
        "type": "github"
      }
    },
    "robopkgs": {
      "inputs": {
        "Futaba_Puropo": "Futaba_Puropo",
        "IkakoRobomas": "IkakoRobomas",
        "MotorController": "MotorController",
        "PS4_RX": "PS4_RX",
        "can_servo": "can_servo",
        "f3-baremetal": "f3-baremetal",
        "ikakoMDC": "ikakoMDC",
        "ikako_rohm_md": "ikako_rohm_md",
        "ikarashiCAN_mk2": "ikarashiCAN_mk2",
        "im920_rs": "im920_rs",
        "nano": "nano",
        "nixpkgs": "nixpkgs_4",
        "roboenv": "roboenv_2",
        "srobo_base": "srobo_base",
        "syoch-robotics": "syoch-robotics"
      },
      "locked": {
        "lastModified": 1772369990,
        "narHash": "sha256-t/XyU5wUlpqn78bFN3r0xO4j/UFdjLZMWtD88uiDb+Y=",
        "ref": "refs/heads/main",
        "rev": "a73014bd846201d3d5fd26da11f843442728bcde",
        "revCount": 11,
        "type": "git",
        "url": "ssh://git@github.com/nnctroboticsclub/robopkgs-nix"
      },
      "original": {
        "type": "git",
        "url": "ssh://git@github.com/nnctroboticsclub/robopkgs-nix"
      }
    },
    "robopkgs_2": {
      "inputs": {
        "Futaba_Puropo": "Futaba_Puropo_2",
        "IkakoRobomas": "IkakoRobomas_2",
        "MotorController": "MotorController_2",
        "PS4_RX": "PS4_RX_2",
        "can_servo": "can_servo_2",
        "f3-baremetal": "f3-baremetal_2",
        "ikakoMDC": "ikakoMDC_2",
        "ikako_rohm_md": "ikako_rohm_md_2",
        "ikarashiCAN_mk2": "ikarashiCAN_mk2_2",
        "im920_rs": "im920_rs_2",
        "nano": "nano_2",
        "nixpkgs": [
          "robopkgs",
          "syoch-robotics",
          "nixpkgs"
        ],
        "roboenv": [
          "robopkgs",
          "syoch-robotics",
          "roboenv"
        ],
        "srobo_base": "srobo_base_2"
      },
      "locked": {
        "lastModified": 1772285305,
        "narHash": "sha256-AjdfLlyNzxorIvXzqpTuYEJk6K7+7WNUzp+gG6h1Suw=",
        "ref": "refs/heads/main",
        "rev": "8854f2a022ad50ea017b6b62c31a9cafc9f1956d",
        "revCount": 10,
        "type": "git",
        "url": "ssh://git@github.com/nnctroboticsclub/robopkgs-nix"
      },
      "original": {
        "type": "git",
        "url": "ssh://git@github.com/nnctroboticsclub/robopkgs-nix"
      }
    },
    "root": {
      "inputs": {
        "nixpkgs": "nixpkgs",
        "roboenv": "roboenv",
        "robopkgs": "robopkgs"
      }
    },
    "rust-overlay": {
      "inputs": {
        "nixpkgs": [
          "roboenv",
          "nixpkgs"
        ]
      },
      "locked": {
        "lastModified": 1772075164,
        "narHash": "sha256-93XcvAt+6p7aAq1ERlxD2T17zLGoYGo64KJYasGcpgc=",
        "owner": "oxalica",
        "repo": "rust-overlay",
        "rev": "07601339b15fa6810541c0e7dc2f3664d92a7ad0",
        "type": "github"
      },
      "original": {
        "owner": "oxalica",
        "repo": "rust-overlay",
        "type": "github"
      }
    },
    "rust-overlay_2": {
      "inputs": {
        "nixpkgs": [
          "robopkgs",
          "roboenv",
          "nixpkgs"
        ]
      },
      "locked": {
        "lastModified": 1772075164,
        "narHash": "sha256-93XcvAt+6p7aAq1ERlxD2T17zLGoYGo64KJYasGcpgc=",
        "owner": "oxalica",
        "repo": "rust-overlay",
        "rev": "07601339b15fa6810541c0e7dc2f3664d92a7ad0",
        "type": "github"
      },
      "original": {
        "owner": "oxalica",
        "repo": "rust-overlay",
        "type": "github"
      }
    },
    "srobo_base": {
      "flake": false,
      "locked": {
        "lastModified": 1770680077,
        "narHash": "sha256-YrcAmOocXvb9+BYYc7tIruGSpYiXSODP9wWTiGhvb2w=",
        "ref": "refs/heads/main",
        "rev": "0a10ff3964519b618f4f3fda6082a694a4e21caa",
        "revCount": 35,
        "type": "git",
        "url": "ssh://git@github.com/nnctroboticsclub/srobo_base.git"
      },
      "original": {
        "rev": "0a10ff3964519b618f4f3fda6082a694a4e21caa",
        "type": "git",
        "url": "ssh://git@github.com/nnctroboticsclub/srobo_base.git"
      }
    },
    "srobo_base_2": {
      "flake": false,
      "locked": {
        "lastModified": 1770680077,
        "narHash": "sha256-YrcAmOocXvb9+BYYc7tIruGSpYiXSODP9wWTiGhvb2w=",
        "ref": "refs/heads/main",
        "rev": "0a10ff3964519b618f4f3fda6082a694a4e21caa",
        "revCount": 35,
        "type": "git",
        "url": "ssh://git@github.com/nnctroboticsclub/srobo_base.git"
      },
      "original": {
        "rev": "0a10ff3964519b618f4f3fda6082a694a4e21caa",
        "type": "git",
        "url": "ssh://git@github.com/nnctroboticsclub/srobo_base.git"
      }
    },
    "syoch-robotics": {
      "inputs": {
        "nixpkgs": [
          "robopkgs",
          "nixpkgs"
        ],
        "roboenv": [
          "robopkgs",
          "roboenv"
        ],
        "robopkgs": "robopkgs_2"
      },
      "locked": {
        "lastModified": 1772369829,
        "narHash": "sha256-ZAjaiy5FhuH4ZmJUs+f0KJ+/8+ZhxSHJ/WdiOZDYBYw=",
        "owner": "nnctroboticsclub",
        "repo": "syoch-robotics",
        "rev": "4f18c10e7781f1028e23e75a300f387b07957e5c",
        "type": "github"
      },
      "original": {
        "owner": "nnctroboticsclub",
        "repo": "syoch-robotics",
        "type": "github"
      }
    }
  },
  "root": "root",
  "version": 7
}
